
Microsoft Visual Studio Solution File, Format Version 12.00
# Visual Studio Version 17
VisualStudioVersion = 17.4.33213.308
MinimumVisualStudioVersion = 10.0.40219.1
Project("{FAE04EC0-301F-11D3-BF4B-00C04F79EFBC}") = "APBD7", "APBD7.csproj", "{7F506156-DB5D-4484-9D66-F439FD885184}"
EndProject
Global
	GlobalSection(SolutionConfigurationPlatforms) = preSolution
		Debug|Any CPU = Debug|Any CPU
		Release|Any CPU = Release|Any CPU
	EndGlobalSection
	GlobalSection(ProjectConfigurationPlatforms) = postSolution
		{7F506156-DB5D-4484-9D66-F439FD885184}.Debug|Any CPU.ActiveCfg = Debug|Any CPU
		{7F506156-DB5D-4484-9D66-F439FD885184}.Debug|Any CPU.Build.0 = Debug|Any CPU
		{7F506156-DB5D-4484-9D66-F439FD885184}.Release|Any CPU.ActiveCfg = Release|Any CPU
		{7F506156-DB5D-4484-9D66-F439FD885184}.Release|Any CPU.Build.0 = Release|Any CPU
	EndGlobalSection
	GlobalSection(SolutionProperties) = preSolution
		HideSolutionNode = FALSE
	EndGlobalSection
	GlobalSection(ExtensibilityGlobals) = postSolution
		SolutionGuid = {952B0F84-5F44-49A2-A485-166A54C97992}
	EndGlobalSection
EndGlobal
